
Microsoft Visual Studio Solution File, Format Version 12.00
# Visual Studio 15
VisualStudioVersion = 15.0.27130.2010
MinimumVisualStudioVersion = 10.0.40219.1
Project("{9A19103F-16F7-4668-BE54-9A1E7A4F7556}") = "libsndfile.NET", "libsndfile.NET\libsndfile.NET.csproj", "{33425ED2-DF57-4FC4-9127-B2707C9481C8}"
EndProject
Project("{9A19103F-16F7-4668-BE54-9A1E7A4F7556}") = "libsndfile.NET.TestApp", "libsndfile.NET.TestApp\libsndfile.NET.TestApp.csproj", "{334D158B-C853-47EA-BE0C-2274D32EFFCA}"
EndProject
Project("{FAE04EC0-301F-11D3-BF4B-00C04F79EFBC}") = "libsndfile.NET.Native", "libsndfile.NET.Native\libsndfile.NET.Native.csproj", "{50CF18F7-6FD9-45FA-9ECB-84D297D6C211}"
EndProject
Global
	GlobalSection(SolutionConfigurationPlatforms) = preSolution
		Debug|Any CPU = Debug|Any CPU
		Release|Any CPU = Release|Any CPU
	EndGlobalSection
	GlobalSection(ProjectConfigurationPlatforms) = postSolution
		{33425ED2-DF57-4FC4-9127-B2707C9481C8}.Debug|Any CPU.ActiveCfg = Debug|Any CPU
		{33425ED2-DF57-4FC4-9127-B2707C9481C8}.Debug|Any CPU.Build.0 = Debug|Any CPU
		{33425ED2-DF57-4FC4-9127-B2707C9481C8}.Release|Any CPU.ActiveCfg = Release|Any CPU
		{33425ED2-DF57-4FC4-9127-B2707C9481C8}.Release|Any CPU.Build.0 = Release|Any CPU
		{334D158B-C853-47EA-BE0C-2274D32EFFCA}.Debug|Any CPU.ActiveCfg = Debug|Any CPU
		{334D158B-C853-47EA-BE0C-2274D32EFFCA}.Debug|Any CPU.Build.0 = Debug|Any CPU
		{334D158B-C853-47EA-BE0C-2274D32EFFCA}.Release|Any CPU.ActiveCfg = Release|Any CPU
		{334D158B-C853-47EA-BE0C-2274D32EFFCA}.Release|Any CPU.Build.0 = Release|Any CPU
		{50CF18F7-6FD9-45FA-9ECB-84D297D6C211}.Debug|Any CPU.ActiveCfg = Debug|Any CPU
		{50CF18F7-6FD9-45FA-9ECB-84D297D6C211}.Debug|Any CPU.Build.0 = Debug|Any CPU
		{50CF18F7-6FD9-45FA-9ECB-84D297D6C211}.Release|Any CPU.ActiveCfg = Release|Any CPU
		{50CF18F7-6FD9-45FA-9ECB-84D297D6C211}.Release|Any CPU.Build.0 = Release|Any CPU
	EndGlobalSection
	GlobalSection(SolutionProperties) = preSolution
		HideSolutionNode = FALSE
	EndGlobalSection
	GlobalSection(ExtensibilityGlobals) = postSolution
		SolutionGuid = {8CAD6A8D-ADDC-4686-B19B-DCCF7044A7AA}
	EndGlobalSection
EndGlobal
